
Microsoft Visual Studio Solution File, Format Version 12.00
# Visual Studio Version 17
VisualStudioVersion = 17.12.35527.113
MinimumVisualStudioVersion = 10.0.40219.1
Project("{FAE04EC0-301F-11D3-BF4B-00C04F79EFBC}") = "TechRental", "TechRental.csproj", "{A1D8465A-F1DF-4678-81D8-7ED7E139531A}"
EndProject
Project("{FAE04EC0-301F-11D3-BF4B-00C04F79EFBC}") = "Database", "..\Database\Database.csproj", "{4FE0794C-CAF6-457F-A5D3-D7B48147A8CF}"
EndProject
Global
	GlobalSection(SolutionConfigurationPlatforms) = preSolution
		Debug|Any CPU = Debug|Any CPU
		Release|Any CPU = Release|Any CPU
	EndGlobalSection
	GlobalSection(ProjectConfigurationPlatforms) = postSolution
		{A1D8465A-F1DF-4678-81D8-7ED7E139531A}.Debug|Any CPU.ActiveCfg = Debug|Any CPU
		{A1D8465A-F1DF-4678-81D8-7ED7E139531A}.Debug|Any CPU.Build.0 = Debug|Any CPU
		{A1D8465A-F1DF-4678-81D8-7ED7E139531A}.Release|Any CPU.ActiveCfg = Release|Any CPU
		{A1D8465A-F1DF-4678-81D8-7ED7E139531A}.Release|Any CPU.Build.0 = Release|Any CPU
		{4FE0794C-CAF6-457F-A5D3-D7B48147A8CF}.Debug|Any CPU.ActiveCfg = Debug|Any CPU
		{4FE0794C-CAF6-457F-A5D3-D7B48147A8CF}.Debug|Any CPU.Build.0 = Debug|Any CPU
		{4FE0794C-CAF6-457F-A5D3-D7B48147A8CF}.Release|Any CPU.ActiveCfg = Release|Any CPU
		{4FE0794C-CAF6-457F-A5D3-D7B48147A8CF}.Release|Any CPU.Build.0 = Release|Any CPU
	EndGlobalSection
	GlobalSection(SolutionProperties) = preSolution
		HideSolutionNode = FALSE
	EndGlobalSection
EndGlobal
