
Microsoft Visual Studio Solution File, Format Version 12.00
# Visual Studio Version 17
VisualStudioVersion = 17.12.35527.113 d17.12
MinimumVisualStudioVersion = 10.0.40219.1
Project("{FAE04EC0-301F-11D3-BF4B-00C04F79EFBC}") = "TechRental", "TechRental.csproj", "{A1D8465A-F1DF-4678-81D8-7ED7E139531A}"
EndProject
Project("{FAE04EC0-301F-11D3-BF4B-00C04F79EFBC}") = "TechRentalObject", "..\TechRentalObject\TechRentalObject.csproj", "{2DD62837-C4DD-4112-89DC-82E89620FADA}"
EndProject
Global
	GlobalSection(SolutionConfigurationPlatforms) = preSolution
		Debug|Any CPU = Debug|Any CPU
		Release|Any CPU = Release|Any CPU
	EndGlobalSection
	GlobalSection(ProjectConfigurationPlatforms) = postSolution
		{A1D8465A-F1DF-4678-81D8-7ED7E139531A}.Debug|Any CPU.ActiveCfg = Debug|Any CPU
		{A1D8465A-F1DF-4678-81D8-7ED7E139531A}.Debug|Any CPU.Build.0 = Debug|Any CPU
		{A1D8465A-F1DF-4678-81D8-7ED7E139531A}.Release|Any CPU.ActiveCfg = Release|Any CPU
		{A1D8465A-F1DF-4678-81D8-7ED7E139531A}.Release|Any CPU.Build.0 = Release|Any CPU
		{2DD62837-C4DD-4112-89DC-82E89620FADA}.Debug|Any CPU.ActiveCfg = Debug|Any CPU
		{2DD62837-C4DD-4112-89DC-82E89620FADA}.Debug|Any CPU.Build.0 = Debug|Any CPU
		{2DD62837-C4DD-4112-89DC-82E89620FADA}.Release|Any CPU.ActiveCfg = Release|Any CPU
		{2DD62837-C4DD-4112-89DC-82E89620FADA}.Release|Any CPU.Build.0 = Release|Any CPU
	EndGlobalSection
	GlobalSection(SolutionProperties) = preSolution
		HideSolutionNode = FALSE
	EndGlobalSection
EndGlobal
